// !$*UTF8*$!
{
	archiveVersion = 1;
	classes = {
	};
	objectVersion = 56;
	objects = {

/* Begin PBXBuildFile section */
		B50EB0CF2B6D2AC1002DA033 /* ImagePicker.swift in Sources */ = {isa = PBXBuildFile; fileRef = B50EB0CE2B6D2AC1002DA033 /* ImagePicker.swift */; };
		B511C5992B68203500508DDE /* AppUtils.swift in Sources */ = {isa = PBXBuildFile; fileRef = B511C5982B68203500508DDE /* AppUtils.swift */; };
		B52963DD2B67E612007D15F0 /* ReserveSpaceListView.swift in Sources */ = {isa = PBXBuildFile; fileRef = B52963DC2B67E612007D15F0 /* ReserveSpaceListView.swift */; };
		B52963E42B67ED39007D15F0 /* ReserveView.swift in Sources */ = {isa = PBXBuildFile; fileRef = B52963E32B67ED39007D15F0 /* ReserveView.swift */; };
		B545FBFC2B692E8B00F226D9 /* GroupModel.swift in Sources */ = {isa = PBXBuildFile; fileRef = B545FBFB2B692E8B00F226D9 /* GroupModel.swift */; };
		B545FBFF2B6932E900F226D9 /* GroupView.swift in Sources */ = {isa = PBXBuildFile; fileRef = B545FBFE2B6932E900F226D9 /* GroupView.swift */; };
		B545FC022B69416C00F226D9 /* AlertsView.swift in Sources */ = {isa = PBXBuildFile; fileRef = B545FC012B69416C00F226D9 /* AlertsView.swift */; };
		B545FC052B694E5F00F226D9 /* ButtonsAlertsView.swift in Sources */ = {isa = PBXBuildFile; fileRef = B545FC042B694E5F00F226D9 /* ButtonsAlertsView.swift */; };
		B545FC072B695CC500F226D9 /* AlertsModel.swift in Sources */ = {isa = PBXBuildFile; fileRef = B545FC062B695CC500F226D9 /* AlertsModel.swift */; };
		B545FC092B695FA500F226D9 /* ConfigManager.swift in Sources */ = {isa = PBXBuildFile; fileRef = B545FC082B695FA500F226D9 /* ConfigManager.swift */; };
		B54BB8762B62E13F00391E5C /* CountryManagesApp.swift in Sources */ = {isa = PBXBuildFile; fileRef = B54BB8752B62E13F00391E5C /* CountryManagesApp.swift */; };
		B54BB8782B62E13F00391E5C /* ContentView.swift in Sources */ = {isa = PBXBuildFile; fileRef = B54BB8772B62E13F00391E5C /* ContentView.swift */; };
		B54BB87A2B62E14400391E5C /* Assets.xcassets in Resources */ = {isa = PBXBuildFile; fileRef = B54BB8792B62E14400391E5C /* Assets.xcassets */; };
		B54BB87D2B62E14400391E5C /* Preview Assets.xcassets in Resources */ = {isa = PBXBuildFile; fileRef = B54BB87C2B62E14400391E5C /* Preview Assets.xcassets */; };
		B54BB8882B62E18800391E5C /* UserMock.json in Resources */ = {isa = PBXBuildFile; fileRef = B54BB8872B62E18800391E5C /* UserMock.json */; };
		B54BB88D2B62E1DF00391E5C /* GroupMock.json in Resources */ = {isa = PBXBuildFile; fileRef = B54BB88C2B62E1DF00391E5C /* GroupMock.json */; };
		B54BB8912B62E24900391E5C /* InitView.swift in Sources */ = {isa = PBXBuildFile; fileRef = B54BB8902B62E24900391E5C /* InitView.swift */; };
		B54BB8952B62E38600391E5C /* Color.swift in Sources */ = {isa = PBXBuildFile; fileRef = B54BB8942B62E38600391E5C /* Color.swift */; };
		B54BB8982B62ED6000391E5C /* HomeView.swift in Sources */ = {isa = PBXBuildFile; fileRef = B54BB8972B62ED6000391E5C /* HomeView.swift */; };
		B54BB89B2B62F84600391E5C /* RequestEntryView.swift in Sources */ = {isa = PBXBuildFile; fileRef = B54BB89A2B62F84600391E5C /* RequestEntryView.swift */; };
		B55CC29F2B63D5DD00AFD077 /* ProfileView.swift in Sources */ = {isa = PBXBuildFile; fileRef = B55CC29E2B63D5DD00AFD077 /* ProfileView.swift */; };
		B55CC2A22B63DD9A00AFD077 /* ConfirmationRequestView.swift in Sources */ = {isa = PBXBuildFile; fileRef = B55CC2A12B63DD9A00AFD077 /* ConfirmationRequestView.swift */; };
		B55CC2A42B63E84500AFD077 /* AppState.swift in Sources */ = {isa = PBXBuildFile; fileRef = B55CC2A32B63E84500AFD077 /* AppState.swift */; };
		B55CC2A62B63F30D00AFD077 /* AuthMock.json in Resources */ = {isa = PBXBuildFile; fileRef = B55CC2A52B63F30D00AFD077 /* AuthMock.json */; };
		B55E554E2B67D41100B751D3 /* UserModel.swift in Sources */ = {isa = PBXBuildFile; fileRef = B55E554D2B67D41100B751D3 /* UserModel.swift */; };
		B590E7D52B6A7E4400F9DC61 /* RegisterView.swift in Sources */ = {isa = PBXBuildFile; fileRef = B590E7D42B6A7E4400F9DC61 /* RegisterView.swift */; };
		B590E7D72B6A91CA00F9DC61 /* InitLoginView.swift in Sources */ = {isa = PBXBuildFile; fileRef = B590E7D62B6A91CA00F9DC61 /* InitLoginView.swift */; };
		B590E7D92B6A949000F9DC61 /* LoginView.swift in Sources */ = {isa = PBXBuildFile; fileRef = B590E7D82B6A949000F9DC61 /* LoginView.swift */; };
		B590E7DB2B6A9C3200F9DC61 /* LoginService.swift in Sources */ = {isa = PBXBuildFile; fileRef = B590E7DA2B6A9C3200F9DC61 /* LoginService.swift */; };
		B590E7DD2B6AD51800F9DC61 /* CardGroupView.swift in Sources */ = {isa = PBXBuildFile; fileRef = B590E7DC2B6AD51800F9DC61 /* CardGroupView.swift */; };
		B599A6792B6BC6E1000A4E3F /* CardActivity.swift in Sources */ = {isa = PBXBuildFile; fileRef = B599A6782B6BC6E1000A4E3F /* CardActivity.swift */; };
		B599A67C2B6BD3D8000A4E3F /* SendAlertView.swift in Sources */ = {isa = PBXBuildFile; fileRef = B599A67B2B6BD3D8000A4E3F /* SendAlertView.swift */; };
		B5C17FC82B6BEEE8009843E3 /* LocationUser.swift in Sources */ = {isa = PBXBuildFile; fileRef = B5C17FC72B6BEEE8009843E3 /* LocationUser.swift */; };
		B5C17FCB2B6BFD01009843E3 /* ComunityView.swift in Sources */ = {isa = PBXBuildFile; fileRef = B5C17FCA2B6BFD01009843E3 /* ComunityView.swift */; };
		B5C17FCD2B6C1B70009843E3 /* SendComunityView.swift in Sources */ = {isa = PBXBuildFile; fileRef = B5C17FCC2B6C1B70009843E3 /* SendComunityView.swift */; };
		B5D404F42B641051007EBD9E /* AuthView.swift in Sources */ = {isa = PBXBuildFile; fileRef = B5D404F32B641051007EBD9E /* AuthView.swift */; };
		B5D404F62B64108C007EBD9E /* UserDataViewModel.swift in Sources */ = {isa = PBXBuildFile; fileRef = B5D404F52B64108C007EBD9E /* UserDataViewModel.swift */; };
		B5D404F82B6410A7007EBD9E /* AuthModel.swift in Sources */ = {isa = PBXBuildFile; fileRef = B5D404F72B6410A7007EBD9E /* AuthModel.swift */; };
		B5D404FB2B643551007EBD9E /* AcceptAuthView.swift in Sources */ = {isa = PBXBuildFile; fileRef = B5D404FA2B643551007EBD9E /* AcceptAuthView.swift */; };
		B5DDEDA62B71054600241FF6 /* ComunityEventMock.json in Resources */ = {isa = PBXBuildFile; fileRef = B5DDEDA52B71054600241FF6 /* ComunityEventMock.json */; };
		B5DDEDA82B71058700241FF6 /* GroupEventMock.json in Resources */ = {isa = PBXBuildFile; fileRef = B5DDEDA72B71058700241FF6 /* GroupEventMock.json */; };
		B5DDEDAA2B710BA800241FF6 /* GroupEventModel.swift in Sources */ = {isa = PBXBuildFile; fileRef = B5DDEDA92B710BA800241FF6 /* GroupEventModel.swift */; };
		B5DDEDAC2B71113B00241FF6 /* ComunityEventModel.swift in Sources */ = {isa = PBXBuildFile; fileRef = B5DDEDAB2B71113B00241FF6 /* ComunityEventModel.swift */; };
		B5DDEDAE2B7120EB00241FF6 /* CardAlerts.swift in Sources */ = {isa = PBXBuildFile; fileRef = B5DDEDAD2B7120EB00241FF6 /* CardAlerts.swift */; };
		B5DDEDB02B7130D100241FF6 /* AlertsEventMock.json in Resources */ = {isa = PBXBuildFile; fileRef = B5DDEDAF2B7130D100241FF6 /* AlertsEventMock.json */; };
		B5DDEDB42B71359A00241FF6 /* AlertsViewModel.swift in Sources */ = {isa = PBXBuildFile; fileRef = B5DDEDB32B71359A00241FF6 /* AlertsViewModel.swift */; };
/* End PBXBuildFile section */

/* Begin PBXFileReference section */
		B50EB0CE2B6D2AC1002DA033 /* ImagePicker.swift */ = {isa = PBXFileReference; lastKnownFileType = sourcecode.swift; path = ImagePicker.swift; sourceTree = "<group>"; };
		B511C5982B68203500508DDE /* AppUtils.swift */ = {isa = PBXFileReference; lastKnownFileType = sourcecode.swift; path = AppUtils.swift; sourceTree = "<group>"; };
		B52963DC2B67E612007D15F0 /* ReserveSpaceListView.swift */ = {isa = PBXFileReference; lastKnownFileType = sourcecode.swift; path = ReserveSpaceListView.swift; sourceTree = "<group>"; };
		B52963E32B67ED39007D15F0 /* ReserveView.swift */ = {isa = PBXFileReference; lastKnownFileType = sourcecode.swift; path = ReserveView.swift; sourceTree = "<group>"; };
		B545FBFB2B692E8B00F226D9 /* GroupModel.swift */ = {isa = PBXFileReference; lastKnownFileType = sourcecode.swift; path = GroupModel.swift; sourceTree = "<group>"; };
		B545FBFE2B6932E900F226D9 /* GroupView.swift */ = {isa = PBXFileReference; lastKnownFileType = sourcecode.swift; path = GroupView.swift; sourceTree = "<group>"; };
		B545FC012B69416C00F226D9 /* AlertsView.swift */ = {isa = PBXFileReference; lastKnownFileType = sourcecode.swift; path = AlertsView.swift; sourceTree = "<group>"; };
		B545FC042B694E5F00F226D9 /* ButtonsAlertsView.swift */ = {isa = PBXFileReference; lastKnownFileType = sourcecode.swift; path = ButtonsAlertsView.swift; sourceTree = "<group>"; };
		B545FC062B695CC500F226D9 /* AlertsModel.swift */ = {isa = PBXFileReference; lastKnownFileType = sourcecode.swift; path = AlertsModel.swift; sourceTree = "<group>"; };
		B545FC082B695FA500F226D9 /* ConfigManager.swift */ = {isa = PBXFileReference; lastKnownFileType = sourcecode.swift; path = ConfigManager.swift; sourceTree = "<group>"; };
		B54BB8722B62E13F00391E5C /* CountryManages.app */ = {isa = PBXFileReference; explicitFileType = wrapper.application; includeInIndex = 0; path = CountryManages.app; sourceTree = BUILT_PRODUCTS_DIR; };
		B54BB8752B62E13F00391E5C /* CountryManagesApp.swift */ = {isa = PBXFileReference; lastKnownFileType = sourcecode.swift; path = CountryManagesApp.swift; sourceTree = "<group>"; };
		B54BB8772B62E13F00391E5C /* ContentView.swift */ = {isa = PBXFileReference; lastKnownFileType = sourcecode.swift; path = ContentView.swift; sourceTree = "<group>"; };
		B54BB8792B62E14400391E5C /* Assets.xcassets */ = {isa = PBXFileReference; lastKnownFileType = folder.assetcatalog; path = Assets.xcassets; sourceTree = "<group>"; };
		B54BB87C2B62E14400391E5C /* Preview Assets.xcassets */ = {isa = PBXFileReference; lastKnownFileType = folder.assetcatalog; path = "Preview Assets.xcassets"; sourceTree = "<group>"; };
		B54BB8872B62E18800391E5C /* UserMock.json */ = {isa = PBXFileReference; lastKnownFileType = text.json; path = UserMock.json; sourceTree = "<group>"; };
		B54BB88B2B62E1C300391E5C /* Struct.md */ = {isa = PBXFileReference; lastKnownFileType = net.daringfireball.markdown; path = Struct.md; sourceTree = "<group>"; };
		B54BB88C2B62E1DF00391E5C /* GroupMock.json */ = {isa = PBXFileReference; lastKnownFileType = text.json; path = GroupMock.json; sourceTree = "<group>"; };
		B54BB8902B62E24900391E5C /* InitView.swift */ = {isa = PBXFileReference; lastKnownFileType = sourcecode.swift; path = InitView.swift; sourceTree = "<group>"; };
		B54BB8942B62E38600391E5C /* Color.swift */ = {isa = PBXFileReference; lastKnownFileType = sourcecode.swift; path = Color.swift; sourceTree = "<group>"; };
		B54BB8972B62ED6000391E5C /* HomeView.swift */ = {isa = PBXFileReference; lastKnownFileType = sourcecode.swift; path = HomeView.swift; sourceTree = "<group>"; };
		B54BB89A2B62F84600391E5C /* RequestEntryView.swift */ = {isa = PBXFileReference; lastKnownFileType = sourcecode.swift; path = RequestEntryView.swift; sourceTree = "<group>"; };
		B55CC29E2B63D5DD00AFD077 /* ProfileView.swift */ = {isa = PBXFileReference; lastKnownFileType = sourcecode.swift; path = ProfileView.swift; sourceTree = "<group>"; };
		B55CC2A12B63DD9A00AFD077 /* ConfirmationRequestView.swift */ = {isa = PBXFileReference; lastKnownFileType = sourcecode.swift; path = ConfirmationRequestView.swift; sourceTree = "<group>"; };
		B55CC2A32B63E84500AFD077 /* AppState.swift */ = {isa = PBXFileReference; lastKnownFileType = sourcecode.swift; path = AppState.swift; sourceTree = "<group>"; };
		B55CC2A52B63F30D00AFD077 /* AuthMock.json */ = {isa = PBXFileReference; lastKnownFileType = text.json; path = AuthMock.json; sourceTree = "<group>"; };
		B55E554D2B67D41100B751D3 /* UserModel.swift */ = {isa = PBXFileReference; lastKnownFileType = sourcecode.swift; path = UserModel.swift; sourceTree = "<group>"; };
		B590E7D42B6A7E4400F9DC61 /* RegisterView.swift */ = {isa = PBXFileReference; lastKnownFileType = sourcecode.swift; path = RegisterView.swift; sourceTree = "<group>"; };
		B590E7D62B6A91CA00F9DC61 /* InitLoginView.swift */ = {isa = PBXFileReference; lastKnownFileType = sourcecode.swift; path = InitLoginView.swift; sourceTree = "<group>"; };
		B590E7D82B6A949000F9DC61 /* LoginView.swift */ = {isa = PBXFileReference; lastKnownFileType = sourcecode.swift; path = LoginView.swift; sourceTree = "<group>"; };
		B590E7DA2B6A9C3200F9DC61 /* LoginService.swift */ = {isa = PBXFileReference; lastKnownFileType = sourcecode.swift; path = LoginService.swift; sourceTree = "<group>"; };
		B590E7DC2B6AD51800F9DC61 /* CardGroupView.swift */ = {isa = PBXFileReference; lastKnownFileType = sourcecode.swift; path = CardGroupView.swift; sourceTree = "<group>"; };
		B599A6782B6BC6E1000A4E3F /* CardActivity.swift */ = {isa = PBXFileReference; lastKnownFileType = sourcecode.swift; path = CardActivity.swift; sourceTree = "<group>"; };
		B599A67B2B6BD3D8000A4E3F /* SendAlertView.swift */ = {isa = PBXFileReference; lastKnownFileType = sourcecode.swift; path = SendAlertView.swift; sourceTree = "<group>"; };
		B5C17FC72B6BEEE8009843E3 /* LocationUser.swift */ = {isa = PBXFileReference; lastKnownFileType = sourcecode.swift; path = LocationUser.swift; sourceTree = "<group>"; };
		B5C17FCA2B6BFD01009843E3 /* ComunityView.swift */ = {isa = PBXFileReference; lastKnownFileType = sourcecode.swift; path = ComunityView.swift; sourceTree = "<group>"; };
		B5C17FCC2B6C1B70009843E3 /* SendComunityView.swift */ = {isa = PBXFileReference; lastKnownFileType = sourcecode.swift; path = SendComunityView.swift; sourceTree = "<group>"; };
		B5D404F32B641051007EBD9E /* AuthView.swift */ = {isa = PBXFileReference; lastKnownFileType = sourcecode.swift; path = AuthView.swift; sourceTree = "<group>"; };
		B5D404F52B64108C007EBD9E /* UserDataViewModel.swift */ = {isa = PBXFileReference; lastKnownFileType = sourcecode.swift; path = UserDataViewModel.swift; sourceTree = "<group>"; };
		B5D404F72B6410A7007EBD9E /* AuthModel.swift */ = {isa = PBXFileReference; lastKnownFileType = sourcecode.swift; path = AuthModel.swift; sourceTree = "<group>"; };
		B5D404FA2B643551007EBD9E /* AcceptAuthView.swift */ = {isa = PBXFileReference; lastKnownFileType = sourcecode.swift; path = AcceptAuthView.swift; sourceTree = "<group>"; };
		B5DDEDA52B71054600241FF6 /* ComunityEventMock.json */ = {isa = PBXFileReference; lastKnownFileType = text.json; path = ComunityEventMock.json; sourceTree = "<group>"; };
		B5DDEDA72B71058700241FF6 /* GroupEventMock.json */ = {isa = PBXFileReference; lastKnownFileType = text.json; path = GroupEventMock.json; sourceTree = "<group>"; };
		B5DDEDA92B710BA800241FF6 /* GroupEventModel.swift */ = {isa = PBXFileReference; lastKnownFileType = sourcecode.swift; path = GroupEventModel.swift; sourceTree = "<group>"; };
		B5DDEDAB2B71113B00241FF6 /* ComunityEventModel.swift */ = {isa = PBXFileReference; lastKnownFileType = sourcecode.swift; path = ComunityEventModel.swift; sourceTree = "<group>"; };
		B5DDEDAD2B7120EB00241FF6 /* CardAlerts.swift */ = {isa = PBXFileReference; lastKnownFileType = sourcecode.swift; path = CardAlerts.swift; sourceTree = "<group>"; };
		B5DDEDAF2B7130D100241FF6 /* AlertsEventMock.json */ = {isa = PBXFileReference; lastKnownFileType = text.json; path = AlertsEventMock.json; sourceTree = "<group>"; };
		B5DDEDB32B71359A00241FF6 /* AlertsViewModel.swift */ = {isa = PBXFileReference; lastKnownFileType = sourcecode.swift; path = AlertsViewModel.swift; sourceTree = "<group>"; };
/* End PBXFileReference section */

/* Begin PBXFrameworksBuildPhase section */
		B54BB86F2B62E13F00391E5C /* Frameworks */ = {
			isa = PBXFrameworksBuildPhase;
			buildActionMask = 2147483647;
			files = (
			);
			runOnlyForDeploymentPostprocessing = 0;
		};
/* End PBXFrameworksBuildPhase section */

/* Begin PBXGroup section */
		B52963DB2B67E5EE007D15F0 /* ReserveSpace */ = {
			isa = PBXGroup;
			children = (
				B52963DC2B67E612007D15F0 /* ReserveSpaceListView.swift */,
				B52963E32B67ED39007D15F0 /* ReserveView.swift */,
			);
			name = ReserveSpace;
			path = ../ReserveSpace;
			sourceTree = "<group>";
		};
		B545FBFD2B6932DD00F226D9 /* Group */ = {
			isa = PBXGroup;
			children = (
				B545FBFE2B6932E900F226D9 /* GroupView.swift */,
				B590E7DC2B6AD51800F9DC61 /* CardGroupView.swift */,
				B599A6782B6BC6E1000A4E3F /* CardActivity.swift */,
				B5DDEDAD2B7120EB00241FF6 /* CardAlerts.swift */,
			);
			path = Group;
			sourceTree = "<group>";
		};
		B545FC002B69414400F226D9 /* Alerts */ = {
			isa = PBXGroup;
			children = (
				B599A67A2B6BD3CA000A4E3F /* SendAlert */,
				B545FC032B694E4800F226D9 /* Buttons */,
				B545FC012B69416C00F226D9 /* AlertsView.swift */,
			);
			path = Alerts;
			sourceTree = "<group>";
		};
		B545FC032B694E4800F226D9 /* Buttons */ = {
			isa = PBXGroup;
			children = (
				B545FC042B694E5F00F226D9 /* ButtonsAlertsView.swift */,
			);
			path = Buttons;
			sourceTree = "<group>";
		};
		B54BB8692B62E13F00391E5C = {
			isa = PBXGroup;
			children = (
				B54BB8742B62E13F00391E5C /* CountryManages */,
				B54BB8732B62E13F00391E5C /* Products */,
			);
			sourceTree = "<group>";
		};
		B54BB8732B62E13F00391E5C /* Products */ = {
			isa = PBXGroup;
			children = (
				B54BB8722B62E13F00391E5C /* CountryManages.app */,
			);
			name = Products;
			sourceTree = "<group>";
		};
		B54BB8742B62E13F00391E5C /* CountryManages */ = {
			isa = PBXGroup;
			children = (
				B54BB8922B62E36F00391E5C /* Utils */,
				B54BB8852B62E16C00391E5C /* Model */,
				B54BB8842B62E16700391E5C /* View */,
				B54BB8832B62E16000391E5C /* ViewModel */,
				B54BB8752B62E13F00391E5C /* CountryManagesApp.swift */,
				B54BB8772B62E13F00391E5C /* ContentView.swift */,
				B54BB8792B62E14400391E5C /* Assets.xcassets */,
				B54BB87B2B62E14400391E5C /* Preview Content */,
			);
			path = CountryManages;
			sourceTree = "<group>";
		};
		B54BB87B2B62E14400391E5C /* Preview Content */ = {
			isa = PBXGroup;
			children = (
				B54BB87C2B62E14400391E5C /* Preview Assets.xcassets */,
			);
			path = "Preview Content";
			sourceTree = "<group>";
		};
		B54BB8832B62E16000391E5C /* ViewModel */ = {
			isa = PBXGroup;
			children = (
				B55CC2A32B63E84500AFD077 /* AppState.swift */,
				B5D404F52B64108C007EBD9E /* UserDataViewModel.swift */,
				B545FC082B695FA500F226D9 /* ConfigManager.swift */,
				B5DDEDB32B71359A00241FF6 /* AlertsViewModel.swift */,
				B590E7DA2B6A9C3200F9DC61 /* LoginService.swift */,
				B5C17FC72B6BEEE8009843E3 /* LocationUser.swift */,
			);
			path = ViewModel;
			sourceTree = "<group>";
		};
		B54BB8842B62E16700391E5C /* View */ = {
			isa = PBXGroup;
			children = (
				B5C17FC92B6BFCE8009843E3 /* Comunity */,
				B545FC002B69414400F226D9 /* Alerts */,
				B545FBFD2B6932DD00F226D9 /* Group */,
				B55CC29D2B63D5BB00AFD077 /* Profile */,
				B54BB8962B62ED5700391E5C /* Home */,
				B54BB88F2B62E23400391E5C /* Init */,
				B54BB88E2B62E22A00391E5C /* Login */,
			);
			path = View;
			sourceTree = "<group>";
		};
		B54BB8852B62E16C00391E5C /* Model */ = {
			isa = PBXGroup;
			children = (
				B54BB8862B62E17300391E5C /* Mock */,
				B5D404F72B6410A7007EBD9E /* AuthModel.swift */,
				B545FBFB2B692E8B00F226D9 /* GroupModel.swift */,
				B55E554D2B67D41100B751D3 /* UserModel.swift */,
				B545FC062B695CC500F226D9 /* AlertsModel.swift */,
				B5DDEDA92B710BA800241FF6 /* GroupEventModel.swift */,
				B5DDEDAB2B71113B00241FF6 /* ComunityEventModel.swift */,
			);
			path = Model;
			sourceTree = "<group>";
		};
		B54BB8862B62E17300391E5C /* Mock */ = {
			isa = PBXGroup;
			children = (
				B54BB8872B62E18800391E5C /* UserMock.json */,
				B54BB88C2B62E1DF00391E5C /* GroupMock.json */,
				B54BB88B2B62E1C300391E5C /* Struct.md */,
				B55CC2A52B63F30D00AFD077 /* AuthMock.json */,
				B5DDEDA52B71054600241FF6 /* ComunityEventMock.json */,
				B5DDEDA72B71058700241FF6 /* GroupEventMock.json */,
				B5DDEDAF2B7130D100241FF6 /* AlertsEventMock.json */,
			);
			path = Mock;
			sourceTree = "<group>";
		};
		B54BB88E2B62E22A00391E5C /* Login */ = {
			isa = PBXGroup;
			children = (
				B590E7D42B6A7E4400F9DC61 /* RegisterView.swift */,
				B590E7D62B6A91CA00F9DC61 /* InitLoginView.swift */,
				B590E7D82B6A949000F9DC61 /* LoginView.swift */,
			);
			path = Login;
			sourceTree = "<group>";
		};
		B54BB88F2B62E23400391E5C /* Init */ = {
			isa = PBXGroup;
			children = (
				B54BB8902B62E24900391E5C /* InitView.swift */,
			);
			path = Init;
			sourceTree = "<group>";
		};
		B54BB8922B62E36F00391E5C /* Utils */ = {
			isa = PBXGroup;
			children = (
				B511C5982B68203500508DDE /* AppUtils.swift */,
				B54BB8932B62E37900391E5C /* Extension */,
				B50EB0CE2B6D2AC1002DA033 /* ImagePicker.swift */,
			);
			path = Utils;
			sourceTree = "<group>";
		};
		B54BB8932B62E37900391E5C /* Extension */ = {
			isa = PBXGroup;
			children = (
				B54BB8942B62E38600391E5C /* Color.swift */,
			);
			path = Extension;
			sourceTree = "<group>";
		};
		B54BB8962B62ED5700391E5C /* Home */ = {
			isa = PBXGroup;
			children = (
				B52963DB2B67E5EE007D15F0 /* ReserveSpace */,
				B5D404F22B64103F007EBD9E /* Auth */,
				B54BB8992B62F81200391E5C /* RequestEntry */,
				B54BB8972B62ED6000391E5C /* HomeView.swift */,
			);
			path = Home;
			sourceTree = "<group>";
		};
		B54BB8992B62F81200391E5C /* RequestEntry */ = {
			isa = PBXGroup;
			children = (
				B55CC2A02B63DD8000AFD077 /* ConfirmationRequest */,
				B54BB89A2B62F84600391E5C /* RequestEntryView.swift */,
			);
			name = RequestEntry;
			path = ../RequestEntry;
			sourceTree = "<group>";
		};
		B55CC29D2B63D5BB00AFD077 /* Profile */ = {
			isa = PBXGroup;
			children = (
				B55CC29E2B63D5DD00AFD077 /* ProfileView.swift */,
			);
			path = Profile;
			sourceTree = "<group>";
		};
		B55CC2A02B63DD8000AFD077 /* ConfirmationRequest */ = {
			isa = PBXGroup;
			children = (
				B55CC2A12B63DD9A00AFD077 /* ConfirmationRequestView.swift */,
			);
			path = ConfirmationRequest;
			sourceTree = "<group>";
		};
		B599A67A2B6BD3CA000A4E3F /* SendAlert */ = {
			isa = PBXGroup;
			children = (
				B599A67B2B6BD3D8000A4E3F /* SendAlertView.swift */,
			);
			path = SendAlert;
			sourceTree = "<group>";
		};
		B5C17FC92B6BFCE8009843E3 /* Comunity */ = {
			isa = PBXGroup;
			children = (
				B5C17FCA2B6BFD01009843E3 /* ComunityView.swift */,
				B5C17FCC2B6C1B70009843E3 /* SendComunityView.swift */,
			);
			path = Comunity;
			sourceTree = "<group>";
		};
		B5D404F22B64103F007EBD9E /* Auth */ = {
			isa = PBXGroup;
			children = (
				B5D404F92B643536007EBD9E /* AcceptAuth */,
				B5D404F32B641051007EBD9E /* AuthView.swift */,
			);
			name = Auth;
			path = ../Auth;
			sourceTree = "<group>";
		};
		B5D404F92B643536007EBD9E /* AcceptAuth */ = {
			isa = PBXGroup;
			children = (
				B5D404FA2B643551007EBD9E /* AcceptAuthView.swift */,
			);
			path = AcceptAuth;
			sourceTree = "<group>";
		};
/* End PBXGroup section */

/* Begin PBXNativeTarget section */
		B54BB8712B62E13F00391E5C /* CountryManages */ = {
			isa = PBXNativeTarget;
			buildConfigurationList = B54BB8802B62E14400391E5C /* Build configuration list for PBXNativeTarget "CountryManages" */;
			buildPhases = (
				B54BB86E2B62E13F00391E5C /* Sources */,
				B54BB86F2B62E13F00391E5C /* Frameworks */,
				B54BB8702B62E13F00391E5C /* Resources */,
			);
			buildRules = (
			);
			dependencies = (
			);
			name = CountryManages;
			productName = CountryManages;
			productReference = B54BB8722B62E13F00391E5C /* CountryManages.app */;
			productType = "com.apple.product-type.application";
		};
/* End PBXNativeTarget section */

/* Begin PBXProject section */
		B54BB86A2B62E13F00391E5C /* Project object */ = {
			isa = PBXProject;
			attributes = {
				BuildIndependentTargetsInParallel = 1;
				LastSwiftUpdateCheck = 1420;
				LastUpgradeCheck = 1420;
				TargetAttributes = {
					B54BB8712B62E13F00391E5C = {
						CreatedOnToolsVersion = 14.2;
					};
				};
			};
			buildConfigurationList = B54BB86D2B62E13F00391E5C /* Build configuration list for PBXProject "CountryManages" */;
			compatibilityVersion = "Xcode 14.0";
			developmentRegion = en;
			hasScannedForEncodings = 0;
			knownRegions = (
				en,
				Base,
			);
			mainGroup = B54BB8692B62E13F00391E5C;
			productRefGroup = B54BB8732B62E13F00391E5C /* Products */;
			projectDirPath = "";
			projectRoot = "";
			targets = (
				B54BB8712B62E13F00391E5C /* CountryManages */,
			);
		};
/* End PBXProject section */

/* Begin PBXResourcesBuildPhase section */
		B54BB8702B62E13F00391E5C /* Resources */ = {
			isa = PBXResourcesBuildPhase;
			buildActionMask = 2147483647;
			files = (
				B5DDEDA62B71054600241FF6 /* ComunityEventMock.json in Resources */,
				B54BB8882B62E18800391E5C /* UserMock.json in Resources */,
				B54BB88D2B62E1DF00391E5C /* GroupMock.json in Resources */,
				B5DDEDB02B7130D100241FF6 /* AlertsEventMock.json in Resources */,
				B54BB87D2B62E14400391E5C /* Preview Assets.xcassets in Resources */,
				B55CC2A62B63F30D00AFD077 /* AuthMock.json in Resources */,
				B54BB87A2B62E14400391E5C /* Assets.xcassets in Resources */,
				B5DDEDA82B71058700241FF6 /* GroupEventMock.json in Resources */,
			);
			runOnlyForDeploymentPostprocessing = 0;
		};
/* End PBXResourcesBuildPhase section */

/* Begin PBXSourcesBuildPhase section */
		B54BB86E2B62E13F00391E5C /* Sources */ = {
			isa = PBXSourcesBuildPhase;
			buildActionMask = 2147483647;
			files = (
				B5C17FCB2B6BFD01009843E3 /* ComunityView.swift in Sources */,
				B5DDEDB42B71359A00241FF6 /* AlertsViewModel.swift in Sources */,
				B545FC092B695FA500F226D9 /* ConfigManager.swift in Sources */,
				B54BB8912B62E24900391E5C /* InitView.swift in Sources */,
				B50EB0CF2B6D2AC1002DA033 /* ImagePicker.swift in Sources */,
				B599A67C2B6BD3D8000A4E3F /* SendAlertView.swift in Sources */,
				B545FC022B69416C00F226D9 /* AlertsView.swift in Sources */,
				B5DDEDAE2B7120EB00241FF6 /* CardAlerts.swift in Sources */,
				B5DDEDAC2B71113B00241FF6 /* ComunityEventModel.swift in Sources */,
				B5D404F62B64108C007EBD9E /* UserDataViewModel.swift in Sources */,
				B590E7DB2B6A9C3200F9DC61 /* LoginService.swift in Sources */,
				B54BB8952B62E38600391E5C /* Color.swift in Sources */,
				B545FC072B695CC500F226D9 /* AlertsModel.swift in Sources */,
				B590E7D52B6A7E4400F9DC61 /* RegisterView.swift in Sources */,
				B52963E42B67ED39007D15F0 /* ReserveView.swift in Sources */,
				B5DDEDAA2B710BA800241FF6 /* GroupEventModel.swift in Sources */,
				B5C17FC82B6BEEE8009843E3 /* LocationUser.swift in Sources */,
				B54BB8782B62E13F00391E5C /* ContentView.swift in Sources */,
				B55CC2A42B63E84500AFD077 /* AppState.swift in Sources */,
				B590E7D92B6A949000F9DC61 /* LoginView.swift in Sources */,
				B5D404F82B6410A7007EBD9E /* AuthModel.swift in Sources */,
				B5C17FCD2B6C1B70009843E3 /* SendComunityView.swift in Sources */,
				B511C5992B68203500508DDE /* AppUtils.swift in Sources */,
				B54BB89B2B62F84600391E5C /* RequestEntryView.swift in Sources */,
				B55CC29F2B63D5DD00AFD077 /* ProfileView.swift in Sources */,
				B55E554E2B67D41100B751D3 /* UserModel.swift in Sources */,
				B545FBFC2B692E8B00F226D9 /* GroupModel.swift in Sources */,
				B5D404F42B641051007EBD9E /* AuthView.swift in Sources */,
				B55CC2A22B63DD9A00AFD077 /* ConfirmationRequestView.swift in Sources */,
				B54BB8982B62ED6000391E5C /* HomeView.swift in Sources */,
				B599A6792B6BC6E1000A4E3F /* CardActivity.swift in Sources */,
				B5D404FB2B643551007EBD9E /* AcceptAuthView.swift in Sources */,
				B52963DD2B67E612007D15F0 /* ReserveSpaceListView.swift in Sources */,
				B545FBFF2B6932E900F226D9 /* GroupView.swift in Sources */,
				B590E7DD2B6AD51800F9DC61 /* CardGroupView.swift in Sources */,
				B545FC052B694E5F00F226D9 /* ButtonsAlertsView.swift in Sources */,
				B54BB8762B62E13F00391E5C /* CountryManagesApp.swift in Sources */,
				B590E7D72B6A91CA00F9DC61 /* InitLoginView.swift in Sources */,
			);
			runOnlyForDeploymentPostprocessing = 0;
		};
/* End PBXSourcesBuildPhase section */

/* Begin XCBuildConfiguration section */
		B54BB87E2B62E14400391E5C /* Debug */ = {
			isa = XCBuildConfiguration;
			buildSettings = {
				ALWAYS_SEARCH_USER_PATHS = NO;
				CLANG_ANALYZER_NONNULL = YES;
				CLANG_ANALYZER_NUMBER_OBJECT_CONVERSION = YES_AGGRESSIVE;
				CLANG_CXX_LANGUAGE_STANDARD = "gnu++20";
				CLANG_ENABLE_MODULES = YES;
				CLANG_ENABLE_OBJC_ARC = YES;
				CLANG_ENABLE_OBJC_WEAK = YES;
				CLANG_WARN_BLOCK_CAPTURE_AUTORELEASING = YES;
				CLANG_WARN_BOOL_CONVERSION = YES;
				CLANG_WARN_COMMA = YES;
				CLANG_WARN_CONSTANT_CONVERSION = YES;
				CLANG_WARN_DEPRECATED_OBJC_IMPLEMENTATIONS = YES;
				CLANG_WARN_DIRECT_OBJC_ISA_USAGE = YES_ERROR;
				CLANG_WARN_DOCUMENTATION_COMMENTS = YES;
				CLANG_WARN_EMPTY_BODY = YES;
				CLANG_WARN_ENUM_CONVERSION = YES;
				CLANG_WARN_INFINITE_RECURSION = YES;
				CLANG_WARN_INT_CONVERSION = YES;
				CLANG_WARN_NON_LITERAL_NULL_CONVERSION = YES;
				CLANG_WARN_OBJC_IMPLICIT_RETAIN_SELF = YES;
				CLANG_WARN_OBJC_LITERAL_CONVERSION = YES;
				CLANG_WARN_OBJC_ROOT_CLASS = YES_ERROR;
				CLANG_WARN_QUOTED_INCLUDE_IN_FRAMEWORK_HEADER = YES;
				CLANG_WARN_RANGE_LOOP_ANALYSIS = YES;
				CLANG_WARN_STRICT_PROTOTYPES = YES;
				CLANG_WARN_SUSPICIOUS_MOVE = YES;
				CLANG_WARN_UNGUARDED_AVAILABILITY = YES_AGGRESSIVE;
				CLANG_WARN_UNREACHABLE_CODE = YES;
				CLANG_WARN__DUPLICATE_METHOD_MATCH = YES;
				COPY_PHASE_STRIP = NO;
				DEBUG_INFORMATION_FORMAT = dwarf;
				ENABLE_STRICT_OBJC_MSGSEND = YES;
				ENABLE_TESTABILITY = YES;
				GCC_C_LANGUAGE_STANDARD = gnu11;
				GCC_DYNAMIC_NO_PIC = NO;
				GCC_NO_COMMON_BLOCKS = YES;
				GCC_OPTIMIZATION_LEVEL = 0;
				GCC_PREPROCESSOR_DEFINITIONS = (
					"DEBUG=1",
					"$(inherited)",
				);
				GCC_WARN_64_TO_32_BIT_CONVERSION = YES;
				GCC_WARN_ABOUT_RETURN_TYPE = YES_ERROR;
				GCC_WARN_UNDECLARED_SELECTOR = YES;
				GCC_WARN_UNINITIALIZED_AUTOS = YES_AGGRESSIVE;
				GCC_WARN_UNUSED_FUNCTION = YES;
				GCC_WARN_UNUSED_VARIABLE = YES;
				IPHONEOS_DEPLOYMENT_TARGET = 16.2;
				MTL_ENABLE_DEBUG_INFO = INCLUDE_SOURCE;
				MTL_FAST_MATH = YES;
				ONLY_ACTIVE_ARCH = YES;
				SDKROOT = iphoneos;
				SWIFT_ACTIVE_COMPILATION_CONDITIONS = DEBUG;
				SWIFT_OPTIMIZATION_LEVEL = "-Onone";
			};
			name = Debug;
		};
		B54BB87F2B62E14400391E5C /* Release */ = {
			isa = XCBuildConfiguration;
			buildSettings = {
				ALWAYS_SEARCH_USER_PATHS = NO;
				CLANG_ANALYZER_NONNULL = YES;
				CLANG_ANALYZER_NUMBER_OBJECT_CONVERSION = YES_AGGRESSIVE;
				CLANG_CXX_LANGUAGE_STANDARD = "gnu++20";
				CLANG_ENABLE_MODULES = YES;
				CLANG_ENABLE_OBJC_ARC = YES;
				CLANG_ENABLE_OBJC_WEAK = YES;
				CLANG_WARN_BLOCK_CAPTURE_AUTORELEASING = YES;
				CLANG_WARN_BOOL_CONVERSION = YES;
				CLANG_WARN_COMMA = YES;
				CLANG_WARN_CONSTANT_CONVERSION = YES;
				CLANG_WARN_DEPRECATED_OBJC_IMPLEMENTATIONS = YES;
				CLANG_WARN_DIRECT_OBJC_ISA_USAGE = YES_ERROR;
				CLANG_WARN_DOCUMENTATION_COMMENTS = YES;
				CLANG_WARN_EMPTY_BODY = YES;
				CLANG_WARN_ENUM_CONVERSION = YES;
				CLANG_WARN_INFINITE_RECURSION = YES;
				CLANG_WARN_INT_CONVERSION = YES;
				CLANG_WARN_NON_LITERAL_NULL_CONVERSION = YES;
				CLANG_WARN_OBJC_IMPLICIT_RETAIN_SELF = YES;
				CLANG_WARN_OBJC_LITERAL_CONVERSION = YES;
				CLANG_WARN_OBJC_ROOT_CLASS = YES_ERROR;
				CLANG_WARN_QUOTED_INCLUDE_IN_FRAMEWORK_HEADER = YES;
				CLANG_WARN_RANGE_LOOP_ANALYSIS = YES;
				CLANG_WARN_STRICT_PROTOTYPES = YES;
				CLANG_WARN_SUSPICIOUS_MOVE = YES;
				CLANG_WARN_UNGUARDED_AVAILABILITY = YES_AGGRESSIVE;
				CLANG_WARN_UNREACHABLE_CODE = YES;
				CLANG_WARN__DUPLICATE_METHOD_MATCH = YES;
				COPY_PHASE_STRIP = NO;
				DEBUG_INFORMATION_FORMAT = "dwarf-with-dsym";
				ENABLE_NS_ASSERTIONS = NO;
				ENABLE_STRICT_OBJC_MSGSEND = YES;
				GCC_C_LANGUAGE_STANDARD = gnu11;
				GCC_NO_COMMON_BLOCKS = YES;
				GCC_WARN_64_TO_32_BIT_CONVERSION = YES;
				GCC_WARN_ABOUT_RETURN_TYPE = YES_ERROR;
				GCC_WARN_UNDECLARED_SELECTOR = YES;
				GCC_WARN_UNINITIALIZED_AUTOS = YES_AGGRESSIVE;
				GCC_WARN_UNUSED_FUNCTION = YES;
				GCC_WARN_UNUSED_VARIABLE = YES;
				IPHONEOS_DEPLOYMENT_TARGET = 16.2;
				MTL_ENABLE_DEBUG_INFO = NO;
				MTL_FAST_MATH = YES;
				SDKROOT = iphoneos;
				SWIFT_COMPILATION_MODE = wholemodule;
				SWIFT_OPTIMIZATION_LEVEL = "-O";
				VALIDATE_PRODUCT = YES;
			};
			name = Release;
		};
		B54BB8812B62E14400391E5C /* Debug */ = {
			isa = XCBuildConfiguration;
			buildSettings = {
				ASSETCATALOG_COMPILER_APPICON_NAME = AppIcon;
				ASSETCATALOG_COMPILER_GLOBAL_ACCENT_COLOR_NAME = AccentColor;
				CODE_SIGN_STYLE = Automatic;
				CURRENT_PROJECT_VERSION = 1;
				DEVELOPMENT_ASSET_PATHS = "\"CountryManages/Preview Content\"";
				DEVELOPMENT_TEAM = 7GDT6SSAL3;
				ENABLE_PREVIEWS = YES;
				GENERATE_INFOPLIST_FILE = YES;
				INFOPLIST_KEY_NSCameraUsageDescription = "Se requiere acceso a la camara";
				INFOPLIST_KEY_NSLocationAlwaysAndWhenInUseUsageDescription = "Se requiere autorizacion para acceder a la posicion.";
				INFOPLIST_KEY_NSLocationAlwaysUsageDescription = "Se requiere autorizacion para acceder a la posicion.";
				INFOPLIST_KEY_NSLocationWhenInUseUsageDescription = "Se requiere autorizacion para acceder a la posicion.";
				INFOPLIST_KEY_NSMicrophoneUsageDescription = "Se requiere acceso al microfono";
				INFOPLIST_KEY_NSPhotoLibraryUsageDescription = "Se requiere acceso a la galeria";
				INFOPLIST_KEY_UIApplicationSceneManifest_Generation = YES;
				INFOPLIST_KEY_UIApplicationSupportsIndirectInputEvents = YES;
				INFOPLIST_KEY_UILaunchScreen_Generation = YES;
				INFOPLIST_KEY_UISupportedInterfaceOrientations_iPad = "UIInterfaceOrientationPortrait UIInterfaceOrientationPortraitUpsideDown UIInterfaceOrientationLandscapeLeft UIInterfaceOrientationLandscapeRight";
				INFOPLIST_KEY_UISupportedInterfaceOrientations_iPhone = "UIInterfaceOrientationPortrait UIInterfaceOrientationLandscapeLeft UIInterfaceOrientationLandscapeRight";
				LD_RUNPATH_SEARCH_PATHS = (
					"$(inherited)",
					"@executable_path/Frameworks",
				);
				MARKETING_VERSION = 1.0;
				PRODUCT_BUNDLE_IDENTIFIER = juancruz.CountryManages;
				PRODUCT_NAME = "$(TARGET_NAME)";
				SWIFT_EMIT_LOC_STRINGS = YES;
				SWIFT_VERSION = 5.0;
				TARGETED_DEVICE_FAMILY = "1,2";
			};
			name = Debug;
		};
		B54BB8822B62E14400391E5C /* Release */ = {
			isa = XCBuildConfiguration;
			buildSettings = {
				ASSETCATALOG_COMPILER_APPICON_NAME = AppIcon;
				ASSETCATALOG_COMPILER_GLOBAL_ACCENT_COLOR_NAME = AccentColor;
				CODE_SIGN_STYLE = Automatic;
				CURRENT_PROJECT_VERSION = 1;
				DEVELOPMENT_ASSET_PATHS = "\"CountryManages/Preview Content\"";
				DEVELOPMENT_TEAM = 7GDT6SSAL3;
				ENABLE_PREVIEWS = YES;
				GENERATE_INFOPLIST_FILE = YES;
				INFOPLIST_KEY_NSCameraUsageDescription = "Se requiere acceso a la camara";
				INFOPLIST_KEY_NSLocationAlwaysAndWhenInUseUsageDescription = "Se requiere autorizacion para acceder a la posicion.";
				INFOPLIST_KEY_NSLocationAlwaysUsageDescription = "Se requiere autorizacion para acceder a la posicion.";
				INFOPLIST_KEY_NSLocationWhenInUseUsageDescription = "Se requiere autorizacion para acceder a la posicion.";
				INFOPLIST_KEY_NSMicrophoneUsageDescription = "Se requiere acceso al microfono";
				INFOPLIST_KEY_NSPhotoLibraryUsageDescription = "Se requiere acceso a la galeria";
				INFOPLIST_KEY_UIApplicationSceneManifest_Generation = YES;
				INFOPLIST_KEY_UIApplicationSupportsIndirectInputEvents = YES;
				INFOPLIST_KEY_UILaunchScreen_Generation = YES;
				INFOPLIST_KEY_UISupportedInterfaceOrientations_iPad = "UIInterfaceOrientationPortrait UIInterfaceOrientationPortraitUpsideDown UIInterfaceOrientationLandscapeLeft UIInterfaceOrientationLandscapeRight";
				INFOPLIST_KEY_UISupportedInterfaceOrientations_iPhone = "UIInterfaceOrientationPortrait UIInterfaceOrientationLandscapeLeft UIInterfaceOrientationLandscapeRight";
				LD_RUNPATH_SEARCH_PATHS = (
					"$(inherited)",
					"@executable_path/Frameworks",
				);
				MARKETING_VERSION = 1.0;
				PRODUCT_BUNDLE_IDENTIFIER = juancruz.CountryManages;
				PRODUCT_NAME = "$(TARGET_NAME)";
				SWIFT_EMIT_LOC_STRINGS = YES;
				SWIFT_VERSION = 5.0;
				TARGETED_DEVICE_FAMILY = "1,2";
			};
			name = Release;
		};
/* End XCBuildConfiguration section */

/* Begin XCConfigurationList section */
		B54BB86D2B62E13F00391E5C /* Build configuration list for PBXProject "CountryManages" */ = {
			isa = XCConfigurationList;
			buildConfigurations = (
				B54BB87E2B62E14400391E5C /* Debug */,
				B54BB87F2B62E14400391E5C /* Release */,
			);
			defaultConfigurationIsVisible = 0;
			defaultConfigurationName = Release;
		};
		B54BB8802B62E14400391E5C /* Build configuration list for PBXNativeTarget "CountryManages" */ = {
			isa = XCConfigurationList;
			buildConfigurations = (
				B54BB8812B62E14400391E5C /* Debug */,
				B54BB8822B62E14400391E5C /* Release */,
			);
			defaultConfigurationIsVisible = 0;
			defaultConfigurationName = Release;
		};
/* End XCConfigurationList section */
	};
	rootObject = B54BB86A2B62E13F00391E5C /* Project object */;
}
